
Microsoft Visual Studio Solution File, Format Version 11.00
# Visual Studio 2010
Project("{8BC9CEB8-8B4A-11D0-8D11-00A0C91BC942}") = "CGGame", "CGGame\CGGame.vcxproj", "{28ECAEF8-9B95-4E4F-999C-FCC135BF6F88}"
	ProjectSection(ProjectDependencies) = postProject
		{F792DC0F-9304-4BC4-9905-9BAF58153FB6} = {F792DC0F-9304-4BC4-9905-9BAF58153FB6}
		{3FA3E8F1-1296-4E75-A84D-D7D4B3212E2C} = {3FA3E8F1-1296-4E75-A84D-D7D4B3212E2C}
		{AB46A4F4-C58B-4AA1-A4CC-5AD8CCEBD055} = {AB46A4F4-C58B-4AA1-A4CC-5AD8CCEBD055}
		{277A4DFC-599C-4E0F-9231-238E7D994016} = {277A4DFC-599C-4E0F-9231-238E7D994016}
		{56F2DAFD-B18E-4FD5-B067-B3E0A1A4169E} = {56F2DAFD-B18E-4FD5-B067-B3E0A1A4169E}
	EndProjectSection
EndProject
Project("{8BC9CEB8-8B4A-11D0-8D11-00A0C91BC942}") = "cgEngineCore", "cgEngineCore\cgEngineCore.vcxproj", "{277A4DFC-599C-4E0F-9231-238E7D994016}"
EndProject
Project("{8BC9CEB8-8B4A-11D0-8D11-00A0C91BC942}") = "cgGameCore", "cgGameCore\cgGameCore.vcxproj", "{AB46A4F4-C58B-4AA1-A4CC-5AD8CCEBD055}"
	ProjectSection(ProjectDependencies) = postProject
		{3FA3E8F1-1296-4E75-A84D-D7D4B3212E2C} = {3FA3E8F1-1296-4E75-A84D-D7D4B3212E2C}
		{277A4DFC-599C-4E0F-9231-238E7D994016} = {277A4DFC-599C-4E0F-9231-238E7D994016}
	EndProjectSection
EndProject
Project("{8BC9CEB8-8B4A-11D0-8D11-00A0C91BC942}") = "cgGUI", "cgGUI\cgGUI.vcxproj", "{3FA3E8F1-1296-4E75-A84D-D7D4B3212E2C}"
	ProjectSection(ProjectDependencies) = postProject
		{277A4DFC-599C-4E0F-9231-238E7D994016} = {277A4DFC-599C-4E0F-9231-238E7D994016}
	EndProjectSection
EndProject
Project("{8BC9CEB8-8B4A-11D0-8D11-00A0C91BC942}") = "cgGdiplusApp", "cgGdiplusApp\cgGdiplusApp.vcxproj", "{F792DC0F-9304-4BC4-9905-9BAF58153FB6}"
	ProjectSection(ProjectDependencies) = postProject
		{3FA3E8F1-1296-4E75-A84D-D7D4B3212E2C} = {3FA3E8F1-1296-4E75-A84D-D7D4B3212E2C}
		{277A4DFC-599C-4E0F-9231-238E7D994016} = {277A4DFC-599C-4E0F-9231-238E7D994016}
	EndProjectSection
EndProject
Project("{8BC9CEB8-8B4A-11D0-8D11-00A0C91BC942}") = "cgDownload", "cgDownload\cgDownload.vcxproj", "{3B661BDE-CC91-43FF-9AA7-576600909BE1}"
EndProject
Project("{8BC9CEB8-8B4A-11D0-8D11-00A0C91BC942}") = "cgSimpleThread", "cgSimpleThread\cgSimpleThread.vcxproj", "{56F2DAFD-B18E-4FD5-B067-B3E0A1A4169E}"
EndProject
Project("{8BC9CEB8-8B4A-11D0-8D11-00A0C91BC942}") = "cgTest", "cgTest\cgTest.vcxproj", "{7DDEAB3D-6CBB-4CFB-8420-47E4DF449CDB}"
	ProjectSection(ProjectDependencies) = postProject
		{3B661BDE-CC91-43FF-9AA7-576600909BE1} = {3B661BDE-CC91-43FF-9AA7-576600909BE1}
		{56F2DAFD-B18E-4FD5-B067-B3E0A1A4169E} = {56F2DAFD-B18E-4FD5-B067-B3E0A1A4169E}
	EndProjectSection
EndProject
Global
	GlobalSection(SolutionConfigurationPlatforms) = preSolution
		Debug|Win32 = Debug|Win32
		Release|Win32 = Release|Win32
	EndGlobalSection
	GlobalSection(ProjectConfigurationPlatforms) = postSolution
		{28ECAEF8-9B95-4E4F-999C-FCC135BF6F88}.Debug|Win32.ActiveCfg = Debug|Win32
		{28ECAEF8-9B95-4E4F-999C-FCC135BF6F88}.Debug|Win32.Build.0 = Debug|Win32
		{28ECAEF8-9B95-4E4F-999C-FCC135BF6F88}.Release|Win32.ActiveCfg = Release|Win32
		{28ECAEF8-9B95-4E4F-999C-FCC135BF6F88}.Release|Win32.Build.0 = Release|Win32
		{277A4DFC-599C-4E0F-9231-238E7D994016}.Debug|Win32.ActiveCfg = Debug|Win32
		{277A4DFC-599C-4E0F-9231-238E7D994016}.Debug|Win32.Build.0 = Debug|Win32
		{277A4DFC-599C-4E0F-9231-238E7D994016}.Release|Win32.ActiveCfg = Release|Win32
		{277A4DFC-599C-4E0F-9231-238E7D994016}.Release|Win32.Build.0 = Release|Win32
		{AB46A4F4-C58B-4AA1-A4CC-5AD8CCEBD055}.Debug|Win32.ActiveCfg = Debug|Win32
		{AB46A4F4-C58B-4AA1-A4CC-5AD8CCEBD055}.Debug|Win32.Build.0 = Debug|Win32
		{AB46A4F4-C58B-4AA1-A4CC-5AD8CCEBD055}.Release|Win32.ActiveCfg = Release|Win32
		{AB46A4F4-C58B-4AA1-A4CC-5AD8CCEBD055}.Release|Win32.Build.0 = Release|Win32
		{3FA3E8F1-1296-4E75-A84D-D7D4B3212E2C}.Debug|Win32.ActiveCfg = Debug|Win32
		{3FA3E8F1-1296-4E75-A84D-D7D4B3212E2C}.Debug|Win32.Build.0 = Debug|Win32
		{3FA3E8F1-1296-4E75-A84D-D7D4B3212E2C}.Release|Win32.ActiveCfg = Release|Win32
		{3FA3E8F1-1296-4E75-A84D-D7D4B3212E2C}.Release|Win32.Build.0 = Release|Win32
		{F792DC0F-9304-4BC4-9905-9BAF58153FB6}.Debug|Win32.ActiveCfg = Debug|Win32
		{F792DC0F-9304-4BC4-9905-9BAF58153FB6}.Debug|Win32.Build.0 = Debug|Win32
		{F792DC0F-9304-4BC4-9905-9BAF58153FB6}.Release|Win32.ActiveCfg = Release|Win32
		{F792DC0F-9304-4BC4-9905-9BAF58153FB6}.Release|Win32.Build.0 = Release|Win32
		{3B661BDE-CC91-43FF-9AA7-576600909BE1}.Debug|Win32.ActiveCfg = Debug|Win32
		{3B661BDE-CC91-43FF-9AA7-576600909BE1}.Debug|Win32.Build.0 = Debug|Win32
		{3B661BDE-CC91-43FF-9AA7-576600909BE1}.Release|Win32.ActiveCfg = Release|Win32
		{3B661BDE-CC91-43FF-9AA7-576600909BE1}.Release|Win32.Build.0 = Release|Win32
		{56F2DAFD-B18E-4FD5-B067-B3E0A1A4169E}.Debug|Win32.ActiveCfg = Debug|Win32
		{56F2DAFD-B18E-4FD5-B067-B3E0A1A4169E}.Debug|Win32.Build.0 = Debug|Win32
		{56F2DAFD-B18E-4FD5-B067-B3E0A1A4169E}.Release|Win32.ActiveCfg = Release|Win32
		{56F2DAFD-B18E-4FD5-B067-B3E0A1A4169E}.Release|Win32.Build.0 = Release|Win32
		{7DDEAB3D-6CBB-4CFB-8420-47E4DF449CDB}.Debug|Win32.ActiveCfg = Debug|Win32
		{7DDEAB3D-6CBB-4CFB-8420-47E4DF449CDB}.Debug|Win32.Build.0 = Debug|Win32
		{7DDEAB3D-6CBB-4CFB-8420-47E4DF449CDB}.Release|Win32.ActiveCfg = Release|Win32
		{7DDEAB3D-6CBB-4CFB-8420-47E4DF449CDB}.Release|Win32.Build.0 = Release|Win32
	EndGlobalSection
	GlobalSection(SolutionProperties) = preSolution
		HideSolutionNode = FALSE
	EndGlobalSection
EndGlobal
